<?xml version="1.0" encoding="utf-8"?>
<Project ToolsVersion="4.0" xmlns="http://schemas.microsoft.com/developer/msbuild/2003">
  <ItemGroup>
    <Filter Include="源文件">
      <UniqueIdentifier>{4FC737F1-C7A5-4376-A066-2A32D752A2FF}</UniqueIdentifier>
      <Extensions>cpp;c;cc;cxx;def;odl;idl;hpj;bat;asm;asmx</Extensions>
    </Filter>
    <Filter Include="头文件">
      <UniqueIdentifier>{93995380-89BD-4b04-88EB-625FBE52EBFB}</UniqueIdentifier>
      <Extensions>h;hh;hpp;hxx;hm;inl;inc;xsd</Extensions>
    </Filter>
    <Filter Include="资源文件">
      <UniqueIdentifier>{67DA6AB6-F800-4c08-8B7A-83BB121AAD01}</UniqueIdentifier>
      <Extensions>rc;ico;cur;bmp;dlg;rc2;rct;bin;rgs;gif;jpg;jpeg;jpe;resx;tiff;tif;png;wav;mfcribbon-ms</Extensions>
    </Filter>
  </ItemGroup>
  <ItemGroup>
    <ClCompile Include="tenday_mon1.c">
      <Filter>源文件</Filter>
    </ClCompile>
    <ClCompile Include="tenno_data.c">
      <Filter>源文件</Filter>
    </ClCompile>
    <ClCompile Include="tensomedata.c">
      <Filter>源文件</Filter>
    </ClCompile>
    <ClCompile Include="tenday_mon2.c">
      <Filter>源文件</Filter>
    </ClCompile>
    <ClCompile Include="tendesignate.c">
      <Filter>源文件</Filter>
    </ClCompile>
    <ClCompile Include="tenevens.c">
      <Filter>源文件</Filter>
    </ClCompile>
    <ClCompile Include="tenbounds.c">
      <Filter>源文件</Filter>
    </ClCompile>
    <ClCompile Include="tenrain.c">
      <Filter>源文件</Filter>
    </ClCompile>
    <ClCompile Include="tenpnt_add.c">
      <Filter>源文件</Filter>
    </ClCompile>
    <ClCompile Include="tenday_mon3.c">
      <Filter>源文件</Filter>
    </ClCompile>
    <ClCompile Include="tensum_arr1.c">
      <Filter>源文件</Filter>
    </ClCompile>
    <ClCompile Include="tensum_arr2.c">
      <Filter>源文件</Filter>
    </ClCompile>
    <ClCompile Include="tenorder.c">
      <Filter>源文件</Filter>
    </ClCompile>
    <ClCompile Include="tenptr_ops.c">
      <Filter>源文件</Filter>
    </ClCompile>
    <ClCompile Include="tenarf.c">
      <Filter>源文件</Filter>
    </ClCompile>
    <ClCompile Include="tenzippo1.c">
      <Filter>源文件</Filter>
    </ClCompile>
    <ClCompile Include="tenzippo2.c">
      <Filter>源文件</Filter>
    </ClCompile>
    <ClCompile Include="tenarray2d.c">
      <Filter>源文件</Filter>
    </ClCompile>
    <ClCompile Include="tenvararr2.c">
      <Filter>源文件</Filter>
    </ClCompile>
    <ClCompile Include="tenflc.c">
      <Filter>源文件</Filter>
    </ClCompile>
    <ClCompile Include="teneightd.c">
      <Filter>源文件</Filter>
    </ClCompile>
    <ClCompile Include="ten1.c">
      <Filter>源文件</Filter>
    </ClCompile>
    <ClCompile Include="ten2.c">
      <Filter>源文件</Filter>
    </ClCompile>
    <ClCompile Include="ten3.c">
      <Filter>源文件</Filter>
    </ClCompile>
    <ClCompile Include="ten4.c">
      <Filter>源文件</Filter>
    </ClCompile>
    <ClCompile Include="ten5.c">
      <Filter>源文件</Filter>
    </ClCompile>
    <ClCompile Include="ten6.c">
      <Filter>源文件</Filter>
    </ClCompile>
    <ClCompile Include="ten7.c">
      <Filter>源文件</Filter>
    </ClCompile>
    <ClCompile Include="ten8.c">
      <Filter>源文件</Filter>
    </ClCompile>
    <ClCompile Include="ten9.c">
      <Filter>源文件</Filter>
    </ClCompile>
    <ClCompile Include="ten10.c">
      <Filter>源文件</Filter>
    </ClCompile>
    <ClCompile Include="ten11.c">
      <Filter>源文件</Filter>
    </ClCompile>
    <ClCompile Include="ten12.c">
      <Filter>源文件</Filter>
    </ClCompile>
    <ClCompile Include="ten13.c">
      <Filter>源文件</Filter>
    </ClCompile>
  </ItemGroup>
</Project>